// !$*UTF8*$!
{
	archiveVersion = 1;
	classes = {
	};
	objectVersion = 46;
	objects = {

/* Begin PBXBuildFile section */
		657896551DC32E010041F0F0 /* main.mm in Sources */ = {isa = PBXBuildFile; fileRef = 657896541DC32E010041F0F0 /* main.mm */; };
		6578965D1DC32E3B0041F0F0 /* libresolv.9.tbd in Frameworks */ = {isa = PBXBuildFile; fileRef = 6578965C1DC32E3B0041F0F0 /* libresolv.9.tbd */; };
		6578965F1DC32E420041F0F0 /* libstdc++.6.0.9.tbd in Frameworks */ = {isa = PBXBuildFile; fileRef = 6578965E1DC32E420041F0F0 /* libstdc++.6.0.9.tbd */; };
		657896611DC32E480041F0F0 /* Security.framework in Frameworks */ = {isa = PBXBuildFile; fileRef = 657896601DC32E480041F0F0 /* Security.framework */; };
		657896631DC32E690041F0F0 /* OpenGL.framework in Frameworks */ = {isa = PBXBuildFile; fileRef = 657896621DC32E690041F0F0 /* OpenGL.framework */; };
		657896651DC32E6E0041F0F0 /* GLKit.framework in Frameworks */ = {isa = PBXBuildFile; fileRef = 657896641DC32E6E0041F0F0 /* GLKit.framework */; };
		6578966B1DC32F280041F0F0 /* libopencv_highgui.3.1.0.dylib in Frameworks */ = {isa = PBXBuildFile; fileRef = 6578966A1DC32F280041F0F0 /* libopencv_highgui.3.1.0.dylib */; };
		6578966D1DC32F390041F0F0 /* libopencv_core.3.1.0.dylib in Frameworks */ = {isa = PBXBuildFile; fileRef = 6578966C1DC32F390041F0F0 /* libopencv_core.3.1.0.dylib */; };
		6578966F1DC32F430041F0F0 /* libopencv_videoio.3.1.0.dylib in Frameworks */ = {isa = PBXBuildFile; fileRef = 6578966E1DC32F430041F0F0 /* libopencv_videoio.3.1.0.dylib */; };
		657896711DC32F5B0041F0F0 /* libopencv_imgproc.3.1.0.dylib in Frameworks */ = {isa = PBXBuildFile; fileRef = 657896701DC32F5B0041F0F0 /* libopencv_imgproc.3.1.0.dylib */; };
		657896731DC331DA0041F0F0 /* libc++.tbd in Frameworks */ = {isa = PBXBuildFile; fileRef = 657896721DC331DA0041F0F0 /* libc++.tbd */; };
		657896751DC331E70041F0F0 /* libz.1.2.5.tbd in Frameworks */ = {isa = PBXBuildFile; fileRef = 657896741DC331E70041F0F0 /* libz.1.2.5.tbd */; };
		657896771DC3329C0041F0F0 /* QuartzCore.framework in Frameworks */ = {isa = PBXBuildFile; fileRef = 657896761DC3329C0041F0F0 /* QuartzCore.framework */; };
		6578967B1DC33A620041F0F0 /* libgstreamer-1.0.0.dylib in Frameworks */ = {isa = PBXBuildFile; fileRef = 6578967A1DC33A620041F0F0 /* libgstreamer-1.0.0.dylib */; };
		6578967D1DC33A840041F0F0 /* libgstreamer-1.0.dylib in Frameworks */ = {isa = PBXBuildFile; fileRef = 6578967C1DC33A840041F0F0 /* libgstreamer-1.0.dylib */; };
		657896831DC34A470041F0F0 /* GStreamer.framework in Frameworks */ = {isa = PBXBuildFile; fileRef = 657896821DC34A470041F0F0 /* GStreamer.framework */; };
		65A1427C1DD46E650074954B /* appsink.mm in Sources */ = {isa = PBXBuildFile; fileRef = 65A1427A1DD46E650074954B /* appsink.mm */; };
		65A1427F1DD46E750074954B /* fakesink.mm in Sources */ = {isa = PBXBuildFile; fileRef = 65A1427D1DD46E750074954B /* fakesink.mm */; };
/* End PBXBuildFile section */

/* Begin PBXCopyFilesBuildPhase section */
		6578964F1DC32E010041F0F0 /* CopyFiles */ = {
			isa = PBXCopyFilesBuildPhase;
			buildActionMask = 2147483647;
			dstPath = /usr/share/man/man1/;
			dstSubfolderSpec = 0;
			files = (
			);
			runOnlyForDeploymentPostprocessing = 1;
		};
/* End PBXCopyFilesBuildPhase section */

/* Begin PBXFileReference section */
		657896511DC32E010041F0F0 /* testCVGL */ = {isa = PBXFileReference; explicitFileType = "compiled.mach-o.executable"; includeInIndex = 0; path = testCVGL; sourceTree = BUILT_PRODUCTS_DIR; };
		657896541DC32E010041F0F0 /* main.mm */ = {isa = PBXFileReference; lastKnownFileType = sourcecode.cpp.objcpp; path = main.mm; sourceTree = "<group>"; };
		6578965C1DC32E3B0041F0F0 /* libresolv.9.tbd */ = {isa = PBXFileReference; lastKnownFileType = "sourcecode.text-based-dylib-definition"; name = libresolv.9.tbd; path = usr/lib/libresolv.9.tbd; sourceTree = SDKROOT; };
		6578965E1DC32E420041F0F0 /* libstdc++.6.0.9.tbd */ = {isa = PBXFileReference; lastKnownFileType = "sourcecode.text-based-dylib-definition"; name = "libstdc++.6.0.9.tbd"; path = "usr/lib/libstdc++.6.0.9.tbd"; sourceTree = SDKROOT; };
		657896601DC32E480041F0F0 /* Security.framework */ = {isa = PBXFileReference; lastKnownFileType = wrapper.framework; name = Security.framework; path = System/Library/Frameworks/Security.framework; sourceTree = SDKROOT; };
		657896621DC32E690041F0F0 /* OpenGL.framework */ = {isa = PBXFileReference; lastKnownFileType = wrapper.framework; name = OpenGL.framework; path = System/Library/Frameworks/OpenGL.framework; sourceTree = SDKROOT; };
		657896641DC32E6E0041F0F0 /* GLKit.framework */ = {isa = PBXFileReference; lastKnownFileType = wrapper.framework; name = GLKit.framework; path = System/Library/Frameworks/GLKit.framework; sourceTree = SDKROOT; };
		6578966A1DC32F280041F0F0 /* libopencv_highgui.3.1.0.dylib */ = {isa = PBXFileReference; lastKnownFileType = "compiled.mach-o.dylib"; path = libopencv_highgui.3.1.0.dylib; sourceTree = "<group>"; };
		6578966C1DC32F390041F0F0 /* libopencv_core.3.1.0.dylib */ = {isa = PBXFileReference; lastKnownFileType = "compiled.mach-o.dylib"; path = libopencv_core.3.1.0.dylib; sourceTree = "<group>"; };
		6578966E1DC32F430041F0F0 /* libopencv_videoio.3.1.0.dylib */ = {isa = PBXFileReference; lastKnownFileType = "compiled.mach-o.dylib"; path = libopencv_videoio.3.1.0.dylib; sourceTree = "<group>"; };
		657896701DC32F5B0041F0F0 /* libopencv_imgproc.3.1.0.dylib */ = {isa = PBXFileReference; lastKnownFileType = "compiled.mach-o.dylib"; path = libopencv_imgproc.3.1.0.dylib; sourceTree = "<group>"; };
		657896721DC331DA0041F0F0 /* libc++.tbd */ = {isa = PBXFileReference; lastKnownFileType = "sourcecode.text-based-dylib-definition"; name = "libc++.tbd"; path = "usr/lib/libc++.tbd"; sourceTree = SDKROOT; };
		657896741DC331E70041F0F0 /* libz.1.2.5.tbd */ = {isa = PBXFileReference; lastKnownFileType = "sourcecode.text-based-dylib-definition"; name = libz.1.2.5.tbd; path = usr/lib/libz.1.2.5.tbd; sourceTree = SDKROOT; };
		657896761DC3329C0041F0F0 /* QuartzCore.framework */ = {isa = PBXFileReference; lastKnownFileType = wrapper.framework; name = QuartzCore.framework; path = System/Library/Frameworks/QuartzCore.framework; sourceTree = SDKROOT; };
		6578967A1DC33A620041F0F0 /* libgstreamer-1.0.0.dylib */ = {isa = PBXFileReference; lastKnownFileType = "compiled.mach-o.dylib"; path = "libgstreamer-1.0.0.dylib"; sourceTree = "<group>"; };
		6578967C1DC33A840041F0F0 /* libgstreamer-1.0.dylib */ = {isa = PBXFileReference; lastKnownFileType = "compiled.mach-o.dylib"; path = "libgstreamer-1.0.dylib"; sourceTree = "<group>"; };
		657896821DC34A470041F0F0 /* GStreamer.framework */ = {isa = PBXFileReference; lastKnownFileType = wrapper.framework; path = GStreamer.framework; sourceTree = "<group>"; };
		65A1427A1DD46E650074954B /* appsink.mm */ = {isa = PBXFileReference; fileEncoding = 4; lastKnownFileType = sourcecode.cpp.objcpp; path = appsink.mm; sourceTree = "<group>"; };
		65A1427B1DD46E650074954B /* appsink.hpp */ = {isa = PBXFileReference; fileEncoding = 4; lastKnownFileType = sourcecode.cpp.h; path = appsink.hpp; sourceTree = "<group>"; };
		65A1427D1DD46E750074954B /* fakesink.mm */ = {isa = PBXFileReference; fileEncoding = 4; lastKnownFileType = sourcecode.cpp.objcpp; path = fakesink.mm; sourceTree = "<group>"; };
		65A1427E1DD46E750074954B /* fakesink.hpp */ = {isa = PBXFileReference; fileEncoding = 4; lastKnownFileType = sourcecode.cpp.h; path = fakesink.hpp; sourceTree = "<group>"; };
/* End PBXFileReference section */

/* Begin PBXFrameworksBuildPhase section */
		6578964E1DC32E010041F0F0 /* Frameworks */ = {
			isa = PBXFrameworksBuildPhase;
			buildActionMask = 2147483647;
			files = (
				657896771DC3329C0041F0F0 /* QuartzCore.framework in Frameworks */,
				657896751DC331E70041F0F0 /* libz.1.2.5.tbd in Frameworks */,
				657896731DC331DA0041F0F0 /* libc++.tbd in Frameworks */,
				6578967B1DC33A620041F0F0 /* libgstreamer-1.0.0.dylib in Frameworks */,
				6578966F1DC32F430041F0F0 /* libopencv_videoio.3.1.0.dylib in Frameworks */,
				657896651DC32E6E0041F0F0 /* GLKit.framework in Frameworks */,
				657896711DC32F5B0041F0F0 /* libopencv_imgproc.3.1.0.dylib in Frameworks */,
				657896631DC32E690041F0F0 /* OpenGL.framework in Frameworks */,
				657896831DC34A470041F0F0 /* GStreamer.framework in Frameworks */,
				6578966B1DC32F280041F0F0 /* libopencv_highgui.3.1.0.dylib in Frameworks */,
				657896611DC32E480041F0F0 /* Security.framework in Frameworks */,
				6578965F1DC32E420041F0F0 /* libstdc++.6.0.9.tbd in Frameworks */,
				6578965D1DC32E3B0041F0F0 /* libresolv.9.tbd in Frameworks */,
				6578966D1DC32F390041F0F0 /* libopencv_core.3.1.0.dylib in Frameworks */,
				6578967D1DC33A840041F0F0 /* libgstreamer-1.0.dylib in Frameworks */,
			);
			runOnlyForDeploymentPostprocessing = 0;
		};
/* End PBXFrameworksBuildPhase section */

/* Begin PBXGroup section */
		657896481DC32E010041F0F0 = {
			isa = PBXGroup;
			children = (
				657896531DC32E010041F0F0 /* testCVGL */,
				657896521DC32E010041F0F0 /* Products */,
				6578965B1DC32E3B0041F0F0 /* Frameworks */,
			);
			sourceTree = "<group>";
		};
		657896521DC32E010041F0F0 /* Products */ = {
			isa = PBXGroup;
			children = (
				657896511DC32E010041F0F0 /* testCVGL */,
			);
			name = Products;
			sourceTree = "<group>";
		};
		657896531DC32E010041F0F0 /* testCVGL */ = {
			isa = PBXGroup;
			children = (
				657896541DC32E010041F0F0 /* main.mm */,
				65A1427A1DD46E650074954B /* appsink.mm */,
				65A1427B1DD46E650074954B /* appsink.hpp */,
				65A1427D1DD46E750074954B /* fakesink.mm */,
				65A1427E1DD46E750074954B /* fakesink.hpp */,
			);
			path = testCVGL;
			sourceTree = "<group>";
		};
		6578965B1DC32E3B0041F0F0 /* Frameworks */ = {
			isa = PBXGroup;
			children = (
				657896821DC34A470041F0F0 /* GStreamer.framework */,
				657896761DC3329C0041F0F0 /* QuartzCore.framework */,
				657896741DC331E70041F0F0 /* libz.1.2.5.tbd */,
				657896721DC331DA0041F0F0 /* libc++.tbd */,
				6578965E1DC32E420041F0F0 /* libstdc++.6.0.9.tbd */,
				6578965C1DC32E3B0041F0F0 /* libresolv.9.tbd */,
				657896701DC32F5B0041F0F0 /* libopencv_imgproc.3.1.0.dylib */,
				6578966E1DC32F430041F0F0 /* libopencv_videoio.3.1.0.dylib */,
				6578966C1DC32F390041F0F0 /* libopencv_core.3.1.0.dylib */,
				6578966A1DC32F280041F0F0 /* libopencv_highgui.3.1.0.dylib */,
				6578967A1DC33A620041F0F0 /* libgstreamer-1.0.0.dylib */,
				6578967C1DC33A840041F0F0 /* libgstreamer-1.0.dylib */,
				657896641DC32E6E0041F0F0 /* GLKit.framework */,
				657896621DC32E690041F0F0 /* OpenGL.framework */,
				657896601DC32E480041F0F0 /* Security.framework */,
			);
			name = Frameworks;
			sourceTree = "<group>";
		};
/* End PBXGroup section */

/* Begin PBXNativeTarget section */
		657896501DC32E010041F0F0 /* testCVGL */ = {
			isa = PBXNativeTarget;
			buildConfigurationList = 657896581DC32E010041F0F0 /* Build configuration list for PBXNativeTarget "testCVGL" */;
			buildPhases = (
				6578964D1DC32E010041F0F0 /* Sources */,
				6578964E1DC32E010041F0F0 /* Frameworks */,
				6578964F1DC32E010041F0F0 /* CopyFiles */,
			);
			buildRules = (
			);
			dependencies = (
			);
			name = testCVGL;
			productName = testCVGL;
			productReference = 657896511DC32E010041F0F0 /* testCVGL */;
			productType = "com.apple.product-type.tool";
		};
/* End PBXNativeTarget section */

/* Begin PBXProject section */
		657896491DC32E010041F0F0 /* Project object */ = {
			isa = PBXProject;
			attributes = {
				LastUpgradeCheck = 0800;
				ORGANIZATIONNAME = takujifunao;
				TargetAttributes = {
					657896501DC32E010041F0F0 = {
						CreatedOnToolsVersion = 8.0;
						ProvisioningStyle = Automatic;
					};
				};
			};
			buildConfigurationList = 6578964C1DC32E010041F0F0 /* Build configuration list for PBXProject "testCVGL" */;
			compatibilityVersion = "Xcode 3.2";
			developmentRegion = English;
			hasScannedForEncodings = 0;
			knownRegions = (
				en,
			);
			mainGroup = 657896481DC32E010041F0F0;
			productRefGroup = 657896521DC32E010041F0F0 /* Products */;
			projectDirPath = "";
			projectRoot = "";
			targets = (
				657896501DC32E010041F0F0 /* testCVGL */,
			);
		};
/* End PBXProject section */

/* Begin PBXSourcesBuildPhase section */
		6578964D1DC32E010041F0F0 /* Sources */ = {
			isa = PBXSourcesBuildPhase;
			buildActionMask = 2147483647;
			files = (
				65A1427C1DD46E650074954B /* appsink.mm in Sources */,
				657896551DC32E010041F0F0 /* main.mm in Sources */,
				65A1427F1DD46E750074954B /* fakesink.mm in Sources */,
			);
			runOnlyForDeploymentPostprocessing = 0;
		};
/* End PBXSourcesBuildPhase section */

/* Begin XCBuildConfiguration section */
		657896561DC32E010041F0F0 /* Debug */ = {
			isa = XCBuildConfiguration;
			buildSettings = {
				ALWAYS_SEARCH_USER_PATHS = NO;
				CLANG_ANALYZER_NONNULL = YES;
				CLANG_CXX_LANGUAGE_STANDARD = "gnu++0x";
				CLANG_CXX_LIBRARY = "libc++";
				CLANG_ENABLE_MODULES = YES;
				CLANG_ENABLE_OBJC_ARC = YES;
				CLANG_WARN_BOOL_CONVERSION = YES;
				CLANG_WARN_CONSTANT_CONVERSION = YES;
				CLANG_WARN_DIRECT_OBJC_ISA_USAGE = YES_ERROR;
				CLANG_WARN_DOCUMENTATION_COMMENTS = YES;
				CLANG_WARN_EMPTY_BODY = YES;
				CLANG_WARN_ENUM_CONVERSION = YES;
				CLANG_WARN_INFINITE_RECURSION = YES;
				CLANG_WARN_INT_CONVERSION = YES;
				CLANG_WARN_OBJC_ROOT_CLASS = YES_ERROR;
				CLANG_WARN_SUSPICIOUS_MOVES = YES;
				CLANG_WARN_UNREACHABLE_CODE = YES;
				CLANG_WARN__DUPLICATE_METHOD_MATCH = YES;
				CODE_SIGN_IDENTITY = "-";
				COPY_PHASE_STRIP = NO;
				DEBUG_INFORMATION_FORMAT = dwarf;
				ENABLE_STRICT_OBJC_MSGSEND = YES;
				ENABLE_TESTABILITY = YES;
				GCC_C_LANGUAGE_STANDARD = gnu99;
				GCC_DYNAMIC_NO_PIC = NO;
				GCC_NO_COMMON_BLOCKS = YES;
				GCC_OPTIMIZATION_LEVEL = 0;
				GCC_PREPROCESSOR_DEFINITIONS = (
					"DEBUG=1",
					"$(inherited)",
				);
				GCC_WARN_64_TO_32_BIT_CONVERSION = YES;
				GCC_WARN_ABOUT_RETURN_TYPE = YES_ERROR;
				GCC_WARN_UNDECLARED_SELECTOR = YES;
				GCC_WARN_UNINITIALIZED_AUTOS = YES_AGGRESSIVE;
				GCC_WARN_UNUSED_FUNCTION = YES;
				GCC_WARN_UNUSED_VARIABLE = YES;
				MACOSX_DEPLOYMENT_TARGET = 10.11;
				MTL_ENABLE_DEBUG_INFO = YES;
				ONLY_ACTIVE_ARCH = YES;
				SDKROOT = macosx;
			};
			name = Debug;
		};
		657896571DC32E010041F0F0 /* Release */ = {
			isa = XCBuildConfiguration;
			buildSettings = {
				ALWAYS_SEARCH_USER_PATHS = NO;
				CLANG_ANALYZER_NONNULL = YES;
				CLANG_CXX_LANGUAGE_STANDARD = "gnu++0x";
				CLANG_CXX_LIBRARY = "libc++";
				CLANG_ENABLE_MODULES = YES;
				CLANG_ENABLE_OBJC_ARC = YES;
				CLANG_WARN_BOOL_CONVERSION = YES;
				CLANG_WARN_CONSTANT_CONVERSION = YES;
				CLANG_WARN_DIRECT_OBJC_ISA_USAGE = YES_ERROR;
				CLANG_WARN_DOCUMENTATION_COMMENTS = YES;
				CLANG_WARN_EMPTY_BODY = YES;
				CLANG_WARN_ENUM_CONVERSION = YES;
				CLANG_WARN_INFINITE_RECURSION = YES;
				CLANG_WARN_INT_CONVERSION = YES;
				CLANG_WARN_OBJC_ROOT_CLASS = YES_ERROR;
				CLANG_WARN_SUSPICIOUS_MOVES = YES;
				CLANG_WARN_UNREACHABLE_CODE = YES;
				CLANG_WARN__DUPLICATE_METHOD_MATCH = YES;
				CODE_SIGN_IDENTITY = "-";
				COPY_PHASE_STRIP = NO;
				DEBUG_INFORMATION_FORMAT = "dwarf-with-dsym";
				ENABLE_NS_ASSERTIONS = NO;
				ENABLE_STRICT_OBJC_MSGSEND = YES;
				GCC_C_LANGUAGE_STANDARD = gnu99;
				GCC_NO_COMMON_BLOCKS = YES;
				GCC_WARN_64_TO_32_BIT_CONVERSION = YES;
				GCC_WARN_ABOUT_RETURN_TYPE = YES_ERROR;
				GCC_WARN_UNDECLARED_SELECTOR = YES;
				GCC_WARN_UNINITIALIZED_AUTOS = YES_AGGRESSIVE;
				GCC_WARN_UNUSED_FUNCTION = YES;
				GCC_WARN_UNUSED_VARIABLE = YES;
				MACOSX_DEPLOYMENT_TARGET = 10.11;
				MTL_ENABLE_DEBUG_INFO = NO;
				SDKROOT = macosx;
			};
			name = Release;
		};
		657896591DC32E010041F0F0 /* Debug */ = {
			isa = XCBuildConfiguration;
			buildSettings = {
				ALWAYS_SEARCH_USER_PATHS = NO;
				ARCHS = "$(ARCHS_STANDARD)";
				FRAMEWORK_SEARCH_PATHS = (
					"$(PROJECT_DIR)",
					/Library/Frameworks/GStreamer.framework/,
				);
				HEADER_SEARCH_PATHS = (
					"/Library/Frameworks/GStreamer.framework/Versions/1.0/Headers/**",
					/usr/local/Cellar/opencv3/3.1.0_3/include,
				);
				LIBRARY_SEARCH_PATHS = (
					"$(inherited)",
					"$(PROJECT_DIR)",
				);
				PRODUCT_NAME = "$(TARGET_NAME)";
			};
			name = Debug;
		};
		6578965A1DC32E010041F0F0 /* Release */ = {
			isa = XCBuildConfiguration;
			buildSettings = {
				ALWAYS_SEARCH_USER_PATHS = NO;
				ARCHS = "$(ARCHS_STANDARD)";
				FRAMEWORK_SEARCH_PATHS = (
					"$(PROJECT_DIR)",
					/Library/Frameworks/GStreamer.framework/,
				);
				HEADER_SEARCH_PATHS = (
					"/Library/Frameworks/GStreamer.framework/Versions/1.0/Headers/**",
					/usr/local/Cellar/opencv3/3.1.0_3/include,
				);
				LIBRARY_SEARCH_PATHS = (
					"$(inherited)",
					"$(PROJECT_DIR)",
				);
				PRODUCT_NAME = "$(TARGET_NAME)";
			};
			name = Release;
		};
/* End XCBuildConfiguration section */

/* Begin XCConfigurationList section */
		6578964C1DC32E010041F0F0 /* Build configuration list for PBXProject "testCVGL" */ = {
			isa = XCConfigurationList;
			buildConfigurations = (
				657896561DC32E010041F0F0 /* Debug */,
				657896571DC32E010041F0F0 /* Release */,
			);
			defaultConfigurationIsVisible = 0;
			defaultConfigurationName = Release;
		};
		657896581DC32E010041F0F0 /* Build configuration list for PBXNativeTarget "testCVGL" */ = {
			isa = XCConfigurationList;
			buildConfigurations = (
				657896591DC32E010041F0F0 /* Debug */,
				6578965A1DC32E010041F0F0 /* Release */,
			);
			defaultConfigurationIsVisible = 0;
			defaultConfigurationName = Release;
		};
/* End XCConfigurationList section */
	};
	rootObject = 657896491DC32E010041F0F0 /* Project object */;
}
